Microsoft Visual Studio Solution File, Format Version 12.00
# Visual Studio Version 17
VisualStudioVersion = 17.5.2.0
MinimumVisualStudioVersion = 10.0.40219.1
Project("{FAE04EC0-301F-11D3-BF4B-00C04F79EFBC}") = "GreenSolutions", "GreenSolutions\GreenSolutions.csproj", "{D25341EE-861A-D7C2-8B1F-DB2C91B4CAA6}"
EndProject
Global
	GlobalSection(SolutionConfigurationPlatforms) = preSolution
		Debug|Any CPU = Debug|Any CPU
		Release|Any CPU = Release|Any CPU
	EndGlobalSection
	GlobalSection(ProjectConfigurationPlatforms) = postSolution
		{D25341EE-861A-D7C2-8B1F-DB2C91B4CAA6}.Debug|Any CPU.ActiveCfg = Debug|Any CPU
		{D25341EE-861A-D7C2-8B1F-DB2C91B4CAA6}.Debug|Any CPU.Build.0 = Debug|Any CPU
		{D25341EE-861A-D7C2-8B1F-DB2C91B4CAA6}.Release|Any CPU.ActiveCfg = Release|Any CPU
		{D25341EE-861A-D7C2-8B1F-DB2C91B4CAA6}.Release|Any CPU.Build.0 = Release|Any CPU
	EndGlobalSection
	GlobalSection(SolutionProperties) = preSolution
		HideSolutionNode = FALSE
	EndGlobalSection
	GlobalSection(ExtensibilityGlobals) = postSolution
		SolutionGuid = {32344392-B910-4CCC-8544-AF0245193067}
	EndGlobalSection
EndGlobal
